
Microsoft Visual Studio Solution File, Format Version 12.00
# Visual Studio Version 16
VisualStudioVersion = 16.0.30804.86
MinimumVisualStudioVersion = 10.0.40219.1
Project("{9A19103F-16F7-4668-BE54-9A1E7A4F7556}") = "RocksmithLibNeXt", "RocksmithLibNeXt\RocksmithLibNeXt.csproj", "{ADEEC94C-1091-44D0-82C5-57A57C82D20A}"
EndProject
Project("{FAE04EC0-301F-11D3-BF4B-00C04F79EFBC}") = "RocksmithLibNeXt.Tests", "RocksmithLibNeXt.Tests\RocksmithLibNeXt.Tests.csproj", "{B9DEDC75-1F9A-4474-8192-F2F359192DA6}"
EndProject
Project("{FAE04EC0-301F-11D3-BF4B-00C04F79EFBC}") = "TestConsole", "TestConsole\TestConsole.csproj", "{B1EFF192-7010-49CB-9CC3-969C736BBAD2}"
EndProject
Global
	GlobalSection(SolutionConfigurationPlatforms) = preSolution
		Debug|Any CPU = Debug|Any CPU
		Release|Any CPU = Release|Any CPU
	EndGlobalSection
	GlobalSection(ProjectConfigurationPlatforms) = postSolution
		{ADEEC94C-1091-44D0-82C5-57A57C82D20A}.Debug|Any CPU.ActiveCfg = Debug|Any CPU
		{ADEEC94C-1091-44D0-82C5-57A57C82D20A}.Debug|Any CPU.Build.0 = Debug|Any CPU
		{ADEEC94C-1091-44D0-82C5-57A57C82D20A}.Release|Any CPU.ActiveCfg = Release|Any CPU
		{ADEEC94C-1091-44D0-82C5-57A57C82D20A}.Release|Any CPU.Build.0 = Release|Any CPU
		{B9DEDC75-1F9A-4474-8192-F2F359192DA6}.Debug|Any CPU.ActiveCfg = Debug|Any CPU
		{B9DEDC75-1F9A-4474-8192-F2F359192DA6}.Debug|Any CPU.Build.0 = Debug|Any CPU
		{B9DEDC75-1F9A-4474-8192-F2F359192DA6}.Release|Any CPU.ActiveCfg = Release|Any CPU
		{B9DEDC75-1F9A-4474-8192-F2F359192DA6}.Release|Any CPU.Build.0 = Release|Any CPU
		{B1EFF192-7010-49CB-9CC3-969C736BBAD2}.Debug|Any CPU.ActiveCfg = Debug|Any CPU
		{B1EFF192-7010-49CB-9CC3-969C736BBAD2}.Debug|Any CPU.Build.0 = Debug|Any CPU
		{B1EFF192-7010-49CB-9CC3-969C736BBAD2}.Release|Any CPU.ActiveCfg = Release|Any CPU
		{B1EFF192-7010-49CB-9CC3-969C736BBAD2}.Release|Any CPU.Build.0 = Release|Any CPU
	EndGlobalSection
	GlobalSection(SolutionProperties) = preSolution
		HideSolutionNode = FALSE
	EndGlobalSection
	GlobalSection(ExtensibilityGlobals) = postSolution
		SolutionGuid = {98A52B3D-083D-482F-B6DC-82D4768F1FB3}
	EndGlobalSection
EndGlobal
